
Microsoft Visual Studio Solution File, Format Version 12.00
# Visual Studio 15
VisualStudioVersion = 15.0.28307.1000
MinimumVisualStudioVersion = 10.0.40219.1
Project("{D4B43EB3-688B-4EEE-86BD-088F0B28ABB3}") = "LOST.SimpleMaintenance.Lib", "SCOM-MP-LOST.SimpleMaintenance.Lib\LOST.SimpleMaintenance.Lib.mpproj", "{607F1952-AC38-4EBE-800A-BB1EF716433B}"
EndProject
Project("{2150E333-8FDC-42A3-9474-1A3956D46DE8}") = "Solution Items", "Solution Items", "{AFC6768C-0B1E-4E1F-B95D-0523F27C1DCA}"
	ProjectSection(SolutionItems) = preProject
		README.md = README.md
	EndProjectSection
EndProject
Global
	GlobalSection(SolutionConfigurationPlatforms) = preSolution
		Debug|x86 = Debug|x86
		Release|x86 = Release|x86
	EndGlobalSection
	GlobalSection(ProjectConfigurationPlatforms) = postSolution
		{607F1952-AC38-4EBE-800A-BB1EF716433B}.Debug|x86.ActiveCfg = Debug|x86
		{607F1952-AC38-4EBE-800A-BB1EF716433B}.Debug|x86.Build.0 = Debug|x86
		{607F1952-AC38-4EBE-800A-BB1EF716433B}.Release|x86.ActiveCfg = Release|x86
		{607F1952-AC38-4EBE-800A-BB1EF716433B}.Release|x86.Build.0 = Release|x86
	EndGlobalSection
	GlobalSection(SolutionProperties) = preSolution
		HideSolutionNode = FALSE
	EndGlobalSection
	GlobalSection(ExtensibilityGlobals) = postSolution
		SolutionGuid = {ACF39BB0-C99A-499D-9B30-97D16D1CE37C}
	EndGlobalSection
EndGlobal
